# THIS IS AN AUTOGENERATED FILE. DO NOT EDIT THIS FILE DIRECTLY.
# yarn lockfile v1


lucide-react@^1.14.0:
  version "1.14.0"
  resolved "https://registry.yarnpkg.com/lucide-react/-/lucide-react-1.14.0.tgz#3c3867749f5ff4eeb5a6f423557ec6a50521366f"
  integrity sha512-+1mdWcfSJVUsaTIjN9zoezmUhfXo5l0vP7ekBMPo3jcS/aIkxHnXqAPsByszMZx/Y8oQBRJxJx5xg+RH3urzxA==
